{
  "name": "flyrank-skill-tooling",
  "lockfileVersion": 3,
  "requires": true,
  "packages": {
    "": {
      "name": "flyrank-skill-tooling",
      "dependencies": {
        "@axe-core/playwright": "^4.10.1",
        "@supabase/supabase-js": "^2.45.4",
        "dotenv": "^16.4.5",
        "playwright": "1.40.0"
      }
    },
    "node_modules/@axe-core/playwright": {
      "version": "4.13.0",
      "resolved": "https://registry.npmjs.org/@axe-core/playwright/-/playwright-4.13.0.tgz",
      "integrity": "sha512-6YLx+kxXu5GJceG4ozFg+33a2EMTdjYwWGloJ3sb9Kta5pp+ZNS53uxGVog5JetIY8s++P5UrtX+cri+u0VAVg==",
      "license": "MPL-2.0",
      "dependencies": {
        "axe-core": "~4.13.0"
      },
      "peerDependencies": {
        "playwright-core": ">= 1.0.0"
      }
    },
    "node_modules/@supabase/auth-js": {
      "version": "2.112.4",
      "resolved": "https://registry.npmjs.org/@supabase/auth-js/-/auth-js-2.112.4.tgz",
      "integrity": "sha512-z8DesgwLzKM5PiT0yNmJU8VJyh1zAhYi+20Z7drdJQLXg/wWW4yGt/un+He5ERYUo94Vz66t5aeyr1DIDemI5A==",
      "license": "MIT",
      "dependencies": {
        "tslib": "2.8.1"
      },
      "engines": {
        "node": ">=22.0.0"
      }
    },
    "node_modules/@supabase/functions-js": {
      "version": "2.112.4",
      "resolved": "https://registry.npmjs.org/@supabase/functions-js/-/functions-js-2.112.4.tgz",
      "integrity": "sha512-DQ0aVH8wSQAccVqNoEkec62qCu2QRNyoGN53RqsVZ1k6F1zq4/v8scrlR6LNT2RJmT97apiTmORijPVhErCS2g==",
      "license": "MIT",
      "dependencies": {
        "tslib": "2.8.1"
      },
      "engines": {
        "node": ">=22.0.0"
      }
    },
    "node_modules/@supabase/phoenix": {
      "version": "0.4.5",
      "resolved": "https://registry.npmjs.org/@supabase/phoenix/-/phoenix-0.4.5.tgz",
      "integrity": "sha512-aAn9H9ovVyeApKy11OWOrrOGq8DV68yWeH4ud2lN9fzn4aO8Zb5GLL9m1pUg9nLqIcT+ZDfAcsZe0E/nqdv2lw==",
      "license": "MIT"
    },
    "node_modules/@supabase/postgrest-js": {
      "version": "2.112.4",
      "resolved": "https://registry.npmjs.org/@supabase/postgrest-js/-/postgrest-js-2.112.4.tgz",
      "integrity": "sha512-uaubtPSeg2TR4wrtfQoQWgkTAe+a0qWX2KhmwvTfNl5mGN9+U7owiJt6abk3o/V6O899PSRD1yzxs5RlF4xTug==",
      "license": "MIT",
      "dependencies": {
        "tslib": "2.8.1"
      },
      "engines": {
        "node": ">=22.0.0"
      }
    },
    "node_modules/@supabase/realtime-js": {
      "version": "2.112.4",
      "resolved": "https://registry.npmjs.org/@supabase/realtime-js/-/realtime-js-2.112.4.tgz",
      "integrity": "sha512-vZ+j079SKrM0Xiq7MJCvQKLDpaH2kfKfLY68xuQE1sqsCsMmx1CyrDBJHsxZ3cX01VOs5SI9igmoZAF3BmdZxw==",
      "license": "MIT",
      "dependencies": {
        "@supabase/phoenix": "0.4.5",
        "tslib": "2.8.1"
      },
      "engines": {
        "node": ">=22.0.0"
      }
    },
    "node_modules/@supabase/storage-js": {
      "version": "2.112.4",
      "resolved": "https://registry.npmjs.org/@supabase/storage-js/-/storage-js-2.112.4.tgz",
      "integrity": "sha512-lQ0JemuTlMIXVKgSci1qez8yPnM5hyDngeAfEBjZS2Om4D+Cus0EE5BE6glFobrxdyii1OF4UzWfF0zcQgDq5A==",
      "license": "MIT",
      "dependencies": {
        "iceberg-js": "^0.8.1",
        "tslib": "2.8.1"
      },
      "engines": {
        "node": ">=22.0.0"
      }
    },
    "node_modules/@supabase/supabase-js": {
      "version": "2.112.4",
      "resolved": "https://registry.npmjs.org/@supabase/supabase-js/-/supabase-js-2.112.4.tgz",
      "integrity": "sha512-UiCX1udlFY1fQQrO7Z3GU7obQsju0w5Vk9mOOwalfo/+Gy+tahWVenSSuu5E/GTy/q//HxvGv2IrCdW66/61kw==",
      "license": "MIT",
      "dependencies": {
        "@supabase/auth-js": "2.112.4",
        "@supabase/functions-js": "2.112.4",
        "@supabase/postgrest-js": "2.112.4",
        "@supabase/realtime-js": "2.112.4",
        "@supabase/storage-js": "2.112.4"
      },
      "engines": {
        "node": ">=22.0.0"
      },
      "peerDependencies": {
        "@opentelemetry/api": ">=1.0.0"
      },
      "peerDependenciesMeta": {
        "@opentelemetry/api": {
          "optional": true
        }
      }
    },
    "node_modules/axe-core": {
      "version": "4.13.0",
      "resolved": "https://registry.npmjs.org/axe-core/-/axe-core-4.13.0.tgz",
      "integrity": "sha512-UzGt8zg7Ny8djbYMhxl2zuEevVa7r2gJjYY5Lwr1xM7+XU2nd6CkIWFTVcCIbAP63vSz71NaVyyuSk9lHKcy0A==",
      "license": "MPL-2.0",
      "engines": {
        "node": ">=4"
      }
    },
    "node_modules/dotenv": {
      "version": "16.6.1",
      "resolved": "https://registry.npmjs.org/dotenv/-/dotenv-16.6.1.tgz",
      "integrity": "sha512-uBq4egWHTcTt33a72vpSG0z3HnPuIl6NqYcTrKEg2azoEyl2hpW0zqlxysq2pK9HlDIHyHyakeYaYnSAwd8bow==",
      "license": "BSD-2-Clause",
      "engines": {
        "node": ">=12"
      },
      "funding": {
        "url": "https://dotenvx.com"
      }
    },
    "node_modules/fsevents": {
      "version": "2.3.2",
      "resolved": "https://registry.npmjs.org/fsevents/-/fsevents-2.3.2.tgz",
      "integrity": "sha512-xiqMQR4xAeHTuB9uWm+fFRcIOgKBMiOBP+eXiyT7jsgVCq1bkVygt00oASowB7EdtpOHaaPgKt812P9ab+DDKA==",
      "hasInstallScript": true,
      "license": "MIT",
      "optional": true,
      "os": [
        "darwin"
      ],
      "engines": {
        "node": "^8.16.0 || ^10.6.0 || >=11.0.0"
      }
    },
    "node_modules/iceberg-js": {
      "version": "0.8.1",
      "resolved": "https://registry.npmjs.org/iceberg-js/-/iceberg-js-0.8.1.tgz",
      "integrity": "sha512-1dhVQZXhcHje7798IVM+xoo/1ZdVfzOMIc8/rgVSijRK38EDqOJoGula9N/8ZI5RD8QTxNQtK/Gozpr+qUqRRA==",
      "license": "MIT",
      "engines": {
        "node": ">=20.0.0"
      }
    },
    "node_modules/playwright": {
      "version": "1.40.0",
      "resolved": "https://registry.npmjs.org/playwright/-/playwright-1.40.0.tgz",
      "integrity": "sha512-gyHAgQjiDf1m34Xpwzaqb76KgfzYrhK7iih+2IzcOCoZWr/8ZqmdBw+t0RU85ZmfJMgtgAiNtBQ/KS2325INXw==",
      "license": "Apache-2.0",
      "dependencies": {
        "playwright-core": "1.40.0"
      },
      "bin": {
        "playwright": "cli.js"
      },
      "engines": {
        "node": ">=16"
      },
      "optionalDependencies": {
        "fsevents": "2.3.2"
      }
    },
    "node_modules/playwright-core": {
      "version": "1.62.1",
      "resolved": "https://registry.npmjs.org/playwright-core/-/playwright-core-1.62.1.tgz",
      "integrity": "sha512-wPYSwEBJY9GHraISXqyqtx0na0LpO3XEX7jNDhntbex7tzUS7kLnZsOlFruFJB4Hi/rhDMjXGqHewDZ68nYZVw==",
      "license": "Apache-2.0",
      "peer": true,
      "bin": {
        "playwright-core": "cli.js"
      },
      "engines": {
        "node": ">=20"
      }
    },
    "node_modules/playwright/node_modules/playwright-core": {
      "version": "1.40.0",
      "resolved": "https://registry.npmjs.org/playwright-core/-/playwright-core-1.40.0.tgz",
      "integrity": "sha512-fvKewVJpGeca8t0ipM56jkVSU6Eo0RmFvQ/MaCQNDYm+sdvKkMBBWTE1FdeMqIdumRaXXjZChWHvIzCGM/tA/Q==",
      "license": "Apache-2.0",
      "bin": {
        "playwright-core": "cli.js"
      },
      "engines": {
        "node": ">=16"
      }
    },
    "node_modules/tslib": {
      "version": "2.8.1",
      "resolved": "https://registry.npmjs.org/tslib/-/tslib-2.8.1.tgz",
      "integrity": "sha512-oJFu94HQb+KVduSUQL7wnpmqnfmLsOA/nAh6b6EH0wCEoK0/mPeXU6c3wKDV83MkOuHPRHtSXKKU99IBazS/2w==",
      "license": "0BSD"
    }
  }
}
